
Microsoft Visual Studio Solution File, Format Version 11.00
# Visual Studio 2010
Project("{8BC9CEB8-8B4A-11D0-8D11-00A0C91BC942}") = "codec", "codec\codec.vcxproj", "{213A854E-6AA3-48EE-9268-86C9FB5572DC}"
EndProject
Global
	GlobalSection(SolutionConfigurationPlatforms) = preSolution
		Debug|Win32 = Debug|Win32
		Debug|x64 = Debug|x64
		Release|Win32 = Release|Win32
		Release|x64 = Release|x64
	EndGlobalSection
	GlobalSection(ProjectConfigurationPlatforms) = postSolution
		{213A854E-6AA3-48EE-9268-86C9FB5572DC}.Debug|Win32.ActiveCfg = Debug|Win32
		{213A854E-6AA3-48EE-9268-86C9FB5572DC}.Debug|Win32.Build.0 = Debug|Win32
		{213A854E-6AA3-48EE-9268-86C9FB5572DC}.Debug|x64.ActiveCfg = Debug|x64
		{213A854E-6AA3-48EE-9268-86C9FB5572DC}.Debug|x64.Build.0 = Debug|x64
		{213A854E-6AA3-48EE-9268-86C9FB5572DC}.Release|Win32.ActiveCfg = Release|Win32
		{213A854E-6AA3-48EE-9268-86C9FB5572DC}.Release|Win32.Build.0 = Release|Win32
		{213A854E-6AA3-48EE-9268-86C9FB5572DC}.Release|x64.ActiveCfg = Release|x64
		{213A854E-6AA3-48EE-9268-86C9FB5572DC}.Release|x64.Build.0 = Release|x64
	EndGlobalSection
	GlobalSection(SolutionProperties) = preSolution
		HideSolutionNode = FALSE
	EndGlobalSection
EndGlobal
